
Microsoft Visual Studio Solution File, Format Version 12.00
# Visual Studio Version 16
VisualStudioVersion = 16.0.31829.152
MinimumVisualStudioVersion = 10.0.40219.1
Project("{FAE04EC0-301F-11D3-BF4B-00C04F79EFBC}") = "BrainEngine", "BrainEngine\BrainEngine.csproj", "{A1CA2125-56AB-43E8-82AC-52BDA0A1FD33}"
EndProject
Project("{FAE04EC0-301F-11D3-BF4B-00C04F79EFBC}") = "SnailsExtensionContent", "SnailsExtensionContent\SnailsExtensionContent.csproj", "{D1ADC19E-79B1-4931-AD23-3F23A570A64E}"
EndProject
Project("{FAE04EC0-301F-11D3-BF4B-00C04F79EFBC}") = "SnailsEngine", "SnailsEngine\SnailsEngine.csproj", "{7E4BC056-E8F3-4EDB-B1E8-19280B6D6357}"
EndProject
Project("{2150E333-8FDC-42A3-9474-1A3956D46DE8}") = "Solution Items", "Solution Items", "{CED3FC59-9A4F-45CF-A12F-31E16D0961B7}"
	ProjectSection(SolutionItems) = preProject
		CopyMonogameContent.cmd = CopyMonogameContent.cmd
	EndProjectSection
EndProject
Project("{FAE04EC0-301F-11D3-BF4B-00C04F79EFBC}") = "Snails", "Snails\Snails.csproj", "{656A33C6-8AB3-4752-AAC1-DE2CA016BB06}"
EndProject
Project("{2150E333-8FDC-42A3-9474-1A3956D46DE8}") = "Solutions", "Solutions", "{AEFEEC31-1716-4F29-A9CC-922CFE97A927}"
EndProject
Project("{FAE04EC0-301F-11D3-BF4B-00C04F79EFBC}") = "SnailsTrial", "SnailsTrial\SnailsTrial.csproj", "{198BE866-1639-49AE-8161-681AD3E04F3A}"
EndProject
Global
	GlobalSection(SolutionConfigurationPlatforms) = preSolution
		Debug Full|Any CPU = Debug Full|Any CPU
		Debug Full|Mixed Platforms = Debug Full|Mixed Platforms
		Debug Full|Windows Phone = Debug Full|Windows Phone
		Debug Full|x86 = Debug Full|x86
		Debug Full|Xbox 360 = Debug Full|Xbox 360
		Debug|Any CPU = Debug|Any CPU
		Debug|Mixed Platforms = Debug|Mixed Platforms
		Debug|Windows Phone = Debug|Windows Phone
		Debug|x86 = Debug|x86
		Debug|Xbox 360 = Debug|Xbox 360
		Release Trial|Any CPU = Release Trial|Any CPU
		Release Trial|Mixed Platforms = Release Trial|Mixed Platforms
		Release Trial|Windows Phone = Release Trial|Windows Phone
		Release Trial|x86 = Release Trial|x86
		Release Trial|Xbox 360 = Release Trial|Xbox 360
		Release|Any CPU = Release|Any CPU
		Release|Mixed Platforms = Release|Mixed Platforms
		Release|Windows Phone = Release|Windows Phone
		Release|x86 = Release|x86
		Release|Xbox 360 = Release|Xbox 360
	EndGlobalSection
	GlobalSection(ProjectConfigurationPlatforms) = postSolution
		{A1CA2125-56AB-43E8-82AC-52BDA0A1FD33}.Debug Full|Any CPU.ActiveCfg = Debug Full|x86
		{A1CA2125-56AB-43E8-82AC-52BDA0A1FD33}.Debug Full|Any CPU.Build.0 = Debug Full|x86
		{A1CA2125-56AB-43E8-82AC-52BDA0A1FD33}.Debug Full|Mixed Platforms.ActiveCfg = Debug Full|x86
		{A1CA2125-56AB-43E8-82AC-52BDA0A1FD33}.Debug Full|Mixed Platforms.Build.0 = Debug Full|x86
		{A1CA2125-56AB-43E8-82AC-52BDA0A1FD33}.Debug Full|Windows Phone.ActiveCfg = Debug Full|x86
		{A1CA2125-56AB-43E8-82AC-52BDA0A1FD33}.Debug Full|Windows Phone.Build.0 = Debug Full|x86
		{A1CA2125-56AB-43E8-82AC-52BDA0A1FD33}.Debug Full|x86.ActiveCfg = Debug Full|x86
		{A1CA2125-56AB-43E8-82AC-52BDA0A1FD33}.Debug Full|x86.Build.0 = Debug Full|x86
		{A1CA2125-56AB-43E8-82AC-52BDA0A1FD33}.Debug Full|Xbox 360.ActiveCfg = Debug Full|x86
		{A1CA2125-56AB-43E8-82AC-52BDA0A1FD33}.Debug Full|Xbox 360.Build.0 = Debug Full|x86
		{A1CA2125-56AB-43E8-82AC-52BDA0A1FD33}.Debug|Any CPU.ActiveCfg = Debug|x86
		{A1CA2125-56AB-43E8-82AC-52BDA0A1FD33}.Debug|Any CPU.Build.0 = Debug|x86
		{A1CA2125-56AB-43E8-82AC-52BDA0A1FD33}.Debug|Mixed Platforms.ActiveCfg = Debug|x86
		{A1CA2125-56AB-43E8-82AC-52BDA0A1FD33}.Debug|Mixed Platforms.Build.0 = Debug|x86
		{A1CA2125-56AB-43E8-82AC-52BDA0A1FD33}.Debug|Windows Phone.ActiveCfg = Debug|x86
		{A1CA2125-56AB-43E8-82AC-52BDA0A1FD33}.Debug|Windows Phone.Build.0 = Debug|x86
		{A1CA2125-56AB-43E8-82AC-52BDA0A1FD33}.Debug|x86.ActiveCfg = Debug|x86
		{A1CA2125-56AB-43E8-82AC-52BDA0A1FD33}.Debug|x86.Build.0 = Debug|x86
		{A1CA2125-56AB-43E8-82AC-52BDA0A1FD33}.Debug|Xbox 360.ActiveCfg = Debug|x86
		{A1CA2125-56AB-43E8-82AC-52BDA0A1FD33}.Debug|Xbox 360.Build.0 = Debug|x86
		{A1CA2125-56AB-43E8-82AC-52BDA0A1FD33}.Release Trial|Any CPU.ActiveCfg = Release|x86
		{A1CA2125-56AB-43E8-82AC-52BDA0A1FD33}.Release Trial|Any CPU.Build.0 = Release|x86
		{A1CA2125-56AB-43E8-82AC-52BDA0A1FD33}.Release Trial|Mixed Platforms.ActiveCfg = Release|x86
		{A1CA2125-56AB-43E8-82AC-52BDA0A1FD33}.Release Trial|Mixed Platforms.Build.0 = Release|x86
		{A1CA2125-56AB-43E8-82AC-52BDA0A1FD33}.Release Trial|Windows Phone.ActiveCfg = Release|x86
		{A1CA2125-56AB-43E8-82AC-52BDA0A1FD33}.Release Trial|Windows Phone.Build.0 = Release|x86
		{A1CA2125-56AB-43E8-82AC-52BDA0A1FD33}.Release Trial|x86.ActiveCfg = Release|x86
		{A1CA2125-56AB-43E8-82AC-52BDA0A1FD33}.Release Trial|x86.Build.0 = Release|x86
		{A1CA2125-56AB-43E8-82AC-52BDA0A1FD33}.Release Trial|Xbox 360.ActiveCfg = Release|x86
		{A1CA2125-56AB-43E8-82AC-52BDA0A1FD33}.Release Trial|Xbox 360.Build.0 = Release|x86
		{A1CA2125-56AB-43E8-82AC-52BDA0A1FD33}.Release|Any CPU.ActiveCfg = Release|x86
		{A1CA2125-56AB-43E8-82AC-52BDA0A1FD33}.Release|Any CPU.Build.0 = Release|x86
		{A1CA2125-56AB-43E8-82AC-52BDA0A1FD33}.Release|Mixed Platforms.ActiveCfg = Release|x86
		{A1CA2125-56AB-43E8-82AC-52BDA0A1FD33}.Release|Mixed Platforms.Build.0 = Release|x86
		{A1CA2125-56AB-43E8-82AC-52BDA0A1FD33}.Release|Windows Phone.ActiveCfg = Release|x86
		{A1CA2125-56AB-43E8-82AC-52BDA0A1FD33}.Release|Windows Phone.Build.0 = Release|x86
		{A1CA2125-56AB-43E8-82AC-52BDA0A1FD33}.Release|x86.ActiveCfg = Release|x86
		{A1CA2125-56AB-43E8-82AC-52BDA0A1FD33}.Release|x86.Build.0 = Release|x86
		{A1CA2125-56AB-43E8-82AC-52BDA0A1FD33}.Release|Xbox 360.ActiveCfg = Release|x86
		{A1CA2125-56AB-43E8-82AC-52BDA0A1FD33}.Release|Xbox 360.Build.0 = Release|x86
		{D1ADC19E-79B1-4931-AD23-3F23A570A64E}.Debug Full|Any CPU.ActiveCfg = Debug|Xbox 360
		{D1ADC19E-79B1-4931-AD23-3F23A570A64E}.Debug Full|Any CPU.Build.0 = Debug|Xbox 360
		{D1ADC19E-79B1-4931-AD23-3F23A570A64E}.Debug Full|Mixed Platforms.ActiveCfg = Debug|Xbox 360
		{D1ADC19E-79B1-4931-AD23-3F23A570A64E}.Debug Full|Mixed Platforms.Build.0 = Debug|Xbox 360
		{D1ADC19E-79B1-4931-AD23-3F23A570A64E}.Debug Full|Windows Phone.ActiveCfg = Debug|Xbox 360
		{D1ADC19E-79B1-4931-AD23-3F23A570A64E}.Debug Full|Windows Phone.Build.0 = Debug|Xbox 360
		{D1ADC19E-79B1-4931-AD23-3F23A570A64E}.Debug Full|x86.ActiveCfg = Debug|Xbox 360
		{D1ADC19E-79B1-4931-AD23-3F23A570A64E}.Debug Full|x86.Build.0 = Debug|Xbox 360
		{D1ADC19E-79B1-4931-AD23-3F23A570A64E}.Debug Full|Xbox 360.ActiveCfg = Debug|Xbox 360
		{D1ADC19E-79B1-4931-AD23-3F23A570A64E}.Debug Full|Xbox 360.Build.0 = Debug|Xbox 360
		{D1ADC19E-79B1-4931-AD23-3F23A570A64E}.Debug|Any CPU.ActiveCfg = Debug|x86
		{D1ADC19E-79B1-4931-AD23-3F23A570A64E}.Debug|Any CPU.Build.0 = Debug|x86
		{D1ADC19E-79B1-4931-AD23-3F23A570A64E}.Debug|Mixed Platforms.ActiveCfg = Debug|x86
		{D1ADC19E-79B1-4931-AD23-3F23A570A64E}.Debug|Mixed Platforms.Build.0 = Debug|x86
		{D1ADC19E-79B1-4931-AD23-3F23A570A64E}.Debug|Windows Phone.ActiveCfg = Debug|Xbox 360
		{D1ADC19E-79B1-4931-AD23-3F23A570A64E}.Debug|Windows Phone.Build.0 = Debug|Xbox 360
		{D1ADC19E-79B1-4931-AD23-3F23A570A64E}.Debug|x86.ActiveCfg = Debug|x86
		{D1ADC19E-79B1-4931-AD23-3F23A570A64E}.Debug|x86.Build.0 = Debug|x86
		{D1ADC19E-79B1-4931-AD23-3F23A570A64E}.Debug|Xbox 360.ActiveCfg = Debug|Xbox 360
		{D1ADC19E-79B1-4931-AD23-3F23A570A64E}.Debug|Xbox 360.Build.0 = Debug|Xbox 360
		{D1ADC19E-79B1-4931-AD23-3F23A570A64E}.Release Trial|Any CPU.ActiveCfg = Release|x86
		{D1ADC19E-79B1-4931-AD23-3F23A570A64E}.Release Trial|Any CPU.Build.0 = Release|x86
		{D1ADC19E-79B1-4931-AD23-3F23A570A64E}.Release Trial|Mixed Platforms.ActiveCfg = Release|x86
		{D1ADC19E-79B1-4931-AD23-3F23A570A64E}.Release Trial|Mixed Platforms.Build.0 = Release|x86
		{D1ADC19E-79B1-4931-AD23-3F23A570A64E}.Release Trial|Windows Phone.ActiveCfg = Release|Xbox 360
		{D1ADC19E-79B1-4931-AD23-3F23A570A64E}.Release Trial|Windows Phone.Build.0 = Release|Xbox 360
		{D1ADC19E-79B1-4931-AD23-3F23A570A64E}.Release Trial|x86.ActiveCfg = Release|x86
		{D1ADC19E-79B1-4931-AD23-3F23A570A64E}.Release Trial|x86.Build.0 = Release|x86
		{D1ADC19E-79B1-4931-AD23-3F23A570A64E}.Release Trial|Xbox 360.ActiveCfg = Release|Xbox 360
		{D1ADC19E-79B1-4931-AD23-3F23A570A64E}.Release Trial|Xbox 360.Build.0 = Release|Xbox 360
		{D1ADC19E-79B1-4931-AD23-3F23A570A64E}.Release|Any CPU.ActiveCfg = Release|x86
		{D1ADC19E-79B1-4931-AD23-3F23A570A64E}.Release|Any CPU.Build.0 = Release|x86
		{D1ADC19E-79B1-4931-AD23-3F23A570A64E}.Release|Mixed Platforms.ActiveCfg = Release|x86
		{D1ADC19E-79B1-4931-AD23-3F23A570A64E}.Release|Mixed Platforms.Build.0 = Release|x86
		{D1ADC19E-79B1-4931-AD23-3F23A570A64E}.Release|Windows Phone.ActiveCfg = Release|Xbox 360
		{D1ADC19E-79B1-4931-AD23-3F23A570A64E}.Release|Windows Phone.Build.0 = Release|Xbox 360
		{D1ADC19E-79B1-4931-AD23-3F23A570A64E}.Release|x86.ActiveCfg = Release|x86
		{D1ADC19E-79B1-4931-AD23-3F23A570A64E}.Release|x86.Build.0 = Release|x86
		{D1ADC19E-79B1-4931-AD23-3F23A570A64E}.Release|Xbox 360.ActiveCfg = Release|Xbox 360
		{D1ADC19E-79B1-4931-AD23-3F23A570A64E}.Release|Xbox 360.Build.0 = Release|Xbox 360
		{7E4BC056-E8F3-4EDB-B1E8-19280B6D6357}.Debug Full|Any CPU.ActiveCfg = Debug Full|x86
		{7E4BC056-E8F3-4EDB-B1E8-19280B6D6357}.Debug Full|Any CPU.Build.0 = Debug Full|x86
		{7E4BC056-E8F3-4EDB-B1E8-19280B6D6357}.Debug Full|Mixed Platforms.ActiveCfg = Debug Full|x86
		{7E4BC056-E8F3-4EDB-B1E8-19280B6D6357}.Debug Full|Mixed Platforms.Build.0 = Debug Full|x86
		{7E4BC056-E8F3-4EDB-B1E8-19280B6D6357}.Debug Full|Windows Phone.ActiveCfg = Debug Full|x86
		{7E4BC056-E8F3-4EDB-B1E8-19280B6D6357}.Debug Full|Windows Phone.Build.0 = Debug Full|x86
		{7E4BC056-E8F3-4EDB-B1E8-19280B6D6357}.Debug Full|x86.ActiveCfg = Debug Full|x86
		{7E4BC056-E8F3-4EDB-B1E8-19280B6D6357}.Debug Full|x86.Build.0 = Debug Full|x86
		{7E4BC056-E8F3-4EDB-B1E8-19280B6D6357}.Debug Full|Xbox 360.ActiveCfg = Debug Full|x86
		{7E4BC056-E8F3-4EDB-B1E8-19280B6D6357}.Debug Full|Xbox 360.Build.0 = Debug Full|x86
		{7E4BC056-E8F3-4EDB-B1E8-19280B6D6357}.Debug|Any CPU.ActiveCfg = Debug|x86
		{7E4BC056-E8F3-4EDB-B1E8-19280B6D6357}.Debug|Any CPU.Build.0 = Debug|x86
		{7E4BC056-E8F3-4EDB-B1E8-19280B6D6357}.Debug|Mixed Platforms.ActiveCfg = Debug|x86
		{7E4BC056-E8F3-4EDB-B1E8-19280B6D6357}.Debug|Mixed Platforms.Build.0 = Debug|x86
		{7E4BC056-E8F3-4EDB-B1E8-19280B6D6357}.Debug|Windows Phone.ActiveCfg = Debug|x86
		{7E4BC056-E8F3-4EDB-B1E8-19280B6D6357}.Debug|Windows Phone.Build.0 = Debug|x86
		{7E4BC056-E8F3-4EDB-B1E8-19280B6D6357}.Debug|x86.ActiveCfg = Debug|x86
		{7E4BC056-E8F3-4EDB-B1E8-19280B6D6357}.Debug|x86.Build.0 = Debug|x86
		{7E4BC056-E8F3-4EDB-B1E8-19280B6D6357}.Debug|Xbox 360.ActiveCfg = Debug|x86
		{7E4BC056-E8F3-4EDB-B1E8-19280B6D6357}.Debug|Xbox 360.Build.0 = Debug|x86
		{7E4BC056-E8F3-4EDB-B1E8-19280B6D6357}.Release Trial|Any CPU.ActiveCfg = Release Trial|x86
		{7E4BC056-E8F3-4EDB-B1E8-19280B6D6357}.Release Trial|Any CPU.Build.0 = Release Trial|x86
		{7E4BC056-E8F3-4EDB-B1E8-19280B6D6357}.Release Trial|Mixed Platforms.ActiveCfg = Release|x86
		{7E4BC056-E8F3-4EDB-B1E8-19280B6D6357}.Release Trial|Mixed Platforms.Build.0 = Release|x86
		{7E4BC056-E8F3-4EDB-B1E8-19280B6D6357}.Release Trial|Windows Phone.ActiveCfg = Release Trial|x86
		{7E4BC056-E8F3-4EDB-B1E8-19280B6D6357}.Release Trial|Windows Phone.Build.0 = Release Trial|x86
		{7E4BC056-E8F3-4EDB-B1E8-19280B6D6357}.Release Trial|x86.ActiveCfg = Release|x86
		{7E4BC056-E8F3-4EDB-B1E8-19280B6D6357}.Release Trial|x86.Build.0 = Release|x86
		{7E4BC056-E8F3-4EDB-B1E8-19280B6D6357}.Release Trial|Xbox 360.ActiveCfg = Release Trial|x86
		{7E4BC056-E8F3-4EDB-B1E8-19280B6D6357}.Release Trial|Xbox 360.Build.0 = Release Trial|x86
		{7E4BC056-E8F3-4EDB-B1E8-19280B6D6357}.Release|Any CPU.ActiveCfg = Release|x86
		{7E4BC056-E8F3-4EDB-B1E8-19280B6D6357}.Release|Any CPU.Build.0 = Release|x86
		{7E4BC056-E8F3-4EDB-B1E8-19280B6D6357}.Release|Mixed Platforms.ActiveCfg = Release|x86
		{7E4BC056-E8F3-4EDB-B1E8-19280B6D6357}.Release|Mixed Platforms.Build.0 = Release|x86
		{7E4BC056-E8F3-4EDB-B1E8-19280B6D6357}.Release|Windows Phone.ActiveCfg = Release|x86
		{7E4BC056-E8F3-4EDB-B1E8-19280B6D6357}.Release|Windows Phone.Build.0 = Release|x86
		{7E4BC056-E8F3-4EDB-B1E8-19280B6D6357}.Release|x86.ActiveCfg = Release|x86
		{7E4BC056-E8F3-4EDB-B1E8-19280B6D6357}.Release|x86.Build.0 = Release|x86
		{7E4BC056-E8F3-4EDB-B1E8-19280B6D6357}.Release|Xbox 360.ActiveCfg = Release|x86
		{7E4BC056-E8F3-4EDB-B1E8-19280B6D6357}.Release|Xbox 360.Build.0 = Release|x86
		{656A33C6-8AB3-4752-AAC1-DE2CA016BB06}.Debug Full|Any CPU.ActiveCfg = Debug Full|x86
		{656A33C6-8AB3-4752-AAC1-DE2CA016BB06}.Debug Full|Any CPU.Build.0 = Debug Full|x86
		{656A33C6-8AB3-4752-AAC1-DE2CA016BB06}.Debug Full|Mixed Platforms.ActiveCfg = Debug Full|x86
		{656A33C6-8AB3-4752-AAC1-DE2CA016BB06}.Debug Full|Mixed Platforms.Build.0 = Debug Full|x86
		{656A33C6-8AB3-4752-AAC1-DE2CA016BB06}.Debug Full|Windows Phone.ActiveCfg = Debug Full|x86
		{656A33C6-8AB3-4752-AAC1-DE2CA016BB06}.Debug Full|Windows Phone.Build.0 = Debug Full|x86
		{656A33C6-8AB3-4752-AAC1-DE2CA016BB06}.Debug Full|x86.ActiveCfg = Debug Full|x86
		{656A33C6-8AB3-4752-AAC1-DE2CA016BB06}.Debug Full|x86.Build.0 = Debug Full|x86
		{656A33C6-8AB3-4752-AAC1-DE2CA016BB06}.Debug Full|Xbox 360.ActiveCfg = Debug Full|x86
		{656A33C6-8AB3-4752-AAC1-DE2CA016BB06}.Debug Full|Xbox 360.Build.0 = Debug Full|x86
		{656A33C6-8AB3-4752-AAC1-DE2CA016BB06}.Debug|Any CPU.ActiveCfg = Debug|x86
		{656A33C6-8AB3-4752-AAC1-DE2CA016BB06}.Debug|Any CPU.Build.0 = Debug|x86
		{656A33C6-8AB3-4752-AAC1-DE2CA016BB06}.Debug|Mixed Platforms.ActiveCfg = Debug|x86
		{656A33C6-8AB3-4752-AAC1-DE2CA016BB06}.Debug|Mixed Platforms.Build.0 = Debug|x86
		{656A33C6-8AB3-4752-AAC1-DE2CA016BB06}.Debug|Windows Phone.ActiveCfg = Debug|x86
		{656A33C6-8AB3-4752-AAC1-DE2CA016BB06}.Debug|Windows Phone.Build.0 = Debug|x86
		{656A33C6-8AB3-4752-AAC1-DE2CA016BB06}.Debug|x86.ActiveCfg = Debug|x86
		{656A33C6-8AB3-4752-AAC1-DE2CA016BB06}.Debug|x86.Build.0 = Debug|x86
		{656A33C6-8AB3-4752-AAC1-DE2CA016BB06}.Debug|Xbox 360.ActiveCfg = Debug|x86
		{656A33C6-8AB3-4752-AAC1-DE2CA016BB06}.Debug|Xbox 360.Build.0 = Debug|x86
		{656A33C6-8AB3-4752-AAC1-DE2CA016BB06}.Release Trial|Any CPU.ActiveCfg = Release|x86
		{656A33C6-8AB3-4752-AAC1-DE2CA016BB06}.Release Trial|Any CPU.Build.0 = Release|x86
		{656A33C6-8AB3-4752-AAC1-DE2CA016BB06}.Release Trial|Mixed Platforms.ActiveCfg = Release|x86
		{656A33C6-8AB3-4752-AAC1-DE2CA016BB06}.Release Trial|Mixed Platforms.Build.0 = Release|x86
		{656A33C6-8AB3-4752-AAC1-DE2CA016BB06}.Release Trial|Windows Phone.ActiveCfg = Release|x86
		{656A33C6-8AB3-4752-AAC1-DE2CA016BB06}.Release Trial|Windows Phone.Build.0 = Release|x86
		{656A33C6-8AB3-4752-AAC1-DE2CA016BB06}.Release Trial|x86.ActiveCfg = Release|x86
		{656A33C6-8AB3-4752-AAC1-DE2CA016BB06}.Release Trial|x86.Build.0 = Release|x86
		{656A33C6-8AB3-4752-AAC1-DE2CA016BB06}.Release Trial|Xbox 360.ActiveCfg = Release|x86
		{656A33C6-8AB3-4752-AAC1-DE2CA016BB06}.Release Trial|Xbox 360.Build.0 = Release|x86
		{656A33C6-8AB3-4752-AAC1-DE2CA016BB06}.Release|Any CPU.ActiveCfg = Release|x86
		{656A33C6-8AB3-4752-AAC1-DE2CA016BB06}.Release|Any CPU.Build.0 = Release|x86
		{656A33C6-8AB3-4752-AAC1-DE2CA016BB06}.Release|Mixed Platforms.ActiveCfg = Release|x86
		{656A33C6-8AB3-4752-AAC1-DE2CA016BB06}.Release|Mixed Platforms.Build.0 = Release|x86
		{656A33C6-8AB3-4752-AAC1-DE2CA016BB06}.Release|Windows Phone.ActiveCfg = Release|x86
		{656A33C6-8AB3-4752-AAC1-DE2CA016BB06}.Release|Windows Phone.Build.0 = Release|x86
		{656A33C6-8AB3-4752-AAC1-DE2CA016BB06}.Release|x86.ActiveCfg = Release|x86
		{656A33C6-8AB3-4752-AAC1-DE2CA016BB06}.Release|x86.Build.0 = Release|x86
		{656A33C6-8AB3-4752-AAC1-DE2CA016BB06}.Release|Xbox 360.ActiveCfg = Release|x86
		{656A33C6-8AB3-4752-AAC1-DE2CA016BB06}.Release|Xbox 360.Build.0 = Release|x86
		{198BE866-1639-49AE-8161-681AD3E04F3A}.Debug Full|Any CPU.ActiveCfg = Debug|x86
		{198BE866-1639-49AE-8161-681AD3E04F3A}.Debug Full|Any CPU.Build.0 = Debug|x86
		{198BE866-1639-49AE-8161-681AD3E04F3A}.Debug Full|Mixed Platforms.ActiveCfg = Debug|x86
		{198BE866-1639-49AE-8161-681AD3E04F3A}.Debug Full|Mixed Platforms.Build.0 = Debug|x86
		{198BE866-1639-49AE-8161-681AD3E04F3A}.Debug Full|Windows Phone.ActiveCfg = Debug|x86
		{198BE866-1639-49AE-8161-681AD3E04F3A}.Debug Full|Windows Phone.Build.0 = Debug|x86
		{198BE866-1639-49AE-8161-681AD3E04F3A}.Debug Full|x86.ActiveCfg = Debug|x86
		{198BE866-1639-49AE-8161-681AD3E04F3A}.Debug Full|x86.Build.0 = Debug|x86
		{198BE866-1639-49AE-8161-681AD3E04F3A}.Debug Full|Xbox 360.ActiveCfg = Debug|x86
		{198BE866-1639-49AE-8161-681AD3E04F3A}.Debug Full|Xbox 360.Build.0 = Debug|x86
		{198BE866-1639-49AE-8161-681AD3E04F3A}.Debug|Any CPU.ActiveCfg = Debug|x86
		{198BE866-1639-49AE-8161-681AD3E04F3A}.Debug|Any CPU.Build.0 = Debug|x86
		{198BE866-1639-49AE-8161-681AD3E04F3A}.Debug|Mixed Platforms.ActiveCfg = Debug|x86
		{198BE866-1639-49AE-8161-681AD3E04F3A}.Debug|Mixed Platforms.Build.0 = Debug|x86
		{198BE866-1639-49AE-8161-681AD3E04F3A}.Debug|Windows Phone.ActiveCfg = Debug|x86
		{198BE866-1639-49AE-8161-681AD3E04F3A}.Debug|Windows Phone.Build.0 = Debug|x86
		{198BE866-1639-49AE-8161-681AD3E04F3A}.Debug|x86.ActiveCfg = Debug|x86
		{198BE866-1639-49AE-8161-681AD3E04F3A}.Debug|x86.Build.0 = Debug|x86
		{198BE866-1639-49AE-8161-681AD3E04F3A}.Debug|Xbox 360.ActiveCfg = Debug|x86
		{198BE866-1639-49AE-8161-681AD3E04F3A}.Debug|Xbox 360.Build.0 = Debug|x86
		{198BE866-1639-49AE-8161-681AD3E04F3A}.Release Trial|Any CPU.ActiveCfg = Release|x86
		{198BE866-1639-49AE-8161-681AD3E04F3A}.Release Trial|Any CPU.Build.0 = Release|x86
		{198BE866-1639-49AE-8161-681AD3E04F3A}.Release Trial|Mixed Platforms.ActiveCfg = Release|x86
		{198BE866-1639-49AE-8161-681AD3E04F3A}.Release Trial|Mixed Platforms.Build.0 = Release|x86
		{198BE866-1639-49AE-8161-681AD3E04F3A}.Release Trial|Windows Phone.ActiveCfg = Release|x86
		{198BE866-1639-49AE-8161-681AD3E04F3A}.Release Trial|Windows Phone.Build.0 = Release|x86
		{198BE866-1639-49AE-8161-681AD3E04F3A}.Release Trial|x86.ActiveCfg = Release|x86
		{198BE866-1639-49AE-8161-681AD3E04F3A}.Release Trial|x86.Build.0 = Release|x86
		{198BE866-1639-49AE-8161-681AD3E04F3A}.Release Trial|Xbox 360.ActiveCfg = Release|x86
		{198BE866-1639-49AE-8161-681AD3E04F3A}.Release Trial|Xbox 360.Build.0 = Release|x86
		{198BE866-1639-49AE-8161-681AD3E04F3A}.Release|Any CPU.ActiveCfg = Release|x86
		{198BE866-1639-49AE-8161-681AD3E04F3A}.Release|Any CPU.Build.0 = Release|x86
		{198BE866-1639-49AE-8161-681AD3E04F3A}.Release|Mixed Platforms.ActiveCfg = Release|x86
		{198BE866-1639-49AE-8161-681AD3E04F3A}.Release|Mixed Platforms.Build.0 = Release|x86
		{198BE866-1639-49AE-8161-681AD3E04F3A}.Release|Windows Phone.ActiveCfg = Release|x86
		{198BE866-1639-49AE-8161-681AD3E04F3A}.Release|Windows Phone.Build.0 = Release|x86
		{198BE866-1639-49AE-8161-681AD3E04F3A}.Release|x86.ActiveCfg = Release|x86
		{198BE866-1639-49AE-8161-681AD3E04F3A}.Release|x86.Build.0 = Release|x86
		{198BE866-1639-49AE-8161-681AD3E04F3A}.Release|Xbox 360.ActiveCfg = Release|x86
		{198BE866-1639-49AE-8161-681AD3E04F3A}.Release|Xbox 360.Build.0 = Release|x86
	EndGlobalSection
	GlobalSection(SolutionProperties) = preSolution
		HideSolutionNode = FALSE
	EndGlobalSection
	GlobalSection(NestedProjects) = preSolution
		{AEFEEC31-1716-4F29-A9CC-922CFE97A927} = {CED3FC59-9A4F-45CF-A12F-31E16D0961B7}
	EndGlobalSection
	GlobalSection(ExtensibilityGlobals) = postSolution
		SolutionGuid = {4896799A-2E8D-4BA2-BEBE-5359E5C518AF}
	EndGlobalSection
EndGlobal
