
Microsoft Visual Studio Solution File, Format Version 11.00
# Visual Studio 2010
Project("{FAE04EC0-301F-11D3-BF4B-00C04F79EFBC}") = "TestSpriteBatchEffect_IOS", "TestSpriteBatchEffect\TestSpriteBatchEffect_IOS.csproj", "{4D79B2B8-9A27-4FA1-AFE2-476275A581FC}"
EndProject
Global
	GlobalSection(SolutionConfigurationPlatforms) = preSolution
		Debug|iPhoneSimulator = Debug|iPhoneSimulator
		Release|iPhoneSimulator = Release|iPhoneSimulator
		Debug|iPhone = Debug|iPhone
		Release|iPhone = Release|iPhone
		Ad-Hoc|iPhone = Ad-Hoc|iPhone
		AppStore|iPhone = AppStore|iPhone
	EndGlobalSection
	GlobalSection(ProjectConfigurationPlatforms) = postSolution
		{4D79B2B8-9A27-4FA1-AFE2-476275A581FC}.Ad-Hoc|iPhone.ActiveCfg = Ad-Hoc|iPhone
		{4D79B2B8-9A27-4FA1-AFE2-476275A581FC}.Ad-Hoc|iPhone.Build.0 = Ad-Hoc|iPhone
		{4D79B2B8-9A27-4FA1-AFE2-476275A581FC}.AppStore|iPhone.ActiveCfg = AppStore|iPhone
		{4D79B2B8-9A27-4FA1-AFE2-476275A581FC}.AppStore|iPhone.Build.0 = AppStore|iPhone
		{4D79B2B8-9A27-4FA1-AFE2-476275A581FC}.Debug|iPhone.ActiveCfg = Debug|iPhone
		{4D79B2B8-9A27-4FA1-AFE2-476275A581FC}.Debug|iPhone.Build.0 = Debug|iPhone
		{4D79B2B8-9A27-4FA1-AFE2-476275A581FC}.Debug|iPhoneSimulator.ActiveCfg = Debug|iPhoneSimulator
		{4D79B2B8-9A27-4FA1-AFE2-476275A581FC}.Debug|iPhoneSimulator.Build.0 = Debug|iPhoneSimulator
		{4D79B2B8-9A27-4FA1-AFE2-476275A581FC}.Release|iPhone.ActiveCfg = Release|iPhone
		{4D79B2B8-9A27-4FA1-AFE2-476275A581FC}.Release|iPhone.Build.0 = Release|iPhone
		{4D79B2B8-9A27-4FA1-AFE2-476275A581FC}.Release|iPhoneSimulator.ActiveCfg = Release|iPhoneSimulator
		{4D79B2B8-9A27-4FA1-AFE2-476275A581FC}.Release|iPhoneSimulator.Build.0 = Release|iPhoneSimulator
	EndGlobalSection
	GlobalSection(MonoDevelopProperties) = preSolution
		StartupItem = TestSpriteBatchEffect_IOS.csproj
	EndGlobalSection
EndGlobal
